<?xml version="1.0"?>
<plist version="1.0">
	<dict>
		<key>archiveVersion</key>
		<string>1</string>
		<key>classes</key>
		<dict />
		<key>objectVersion</key>
		<string>46</string>
		<key>objects</key>
		<dict>
			<key>223F8ED790458A06DB0C91BE</key>
			<dict>
				<key>fileRef</key>
				<string>E6F37D297F063B5F908233A2</string>
				<key>isa</key>
				<string>PBXBuildFile</string>
			</dict>
			<key>E6F37D297F063B5F908233A2</key>
			<dict>
				<key>explicitFileType</key>
				<string>file</string>
				<key>fileEncoding</key>
				<string>30</string>
				<key>isa</key>
				<string>PBXFileReference</string>
				<key>name</key>
				<string>%</string>
				<key>path</key>
				<string>../../../../addons/ofxSoundObjects/libs/libaudiodecoder/include/apple/%</string>
				<key>sourceTree</key>
				<string>SOURCE_ROOT</string>
			</dict>
			<key>85268351534F8230AF283541</key>
			<dict>
				<key>children</key>
				<array>
					<string>19C2A63E26047C0D0BAF639D</string>
				</array>
				<key>isa</key>
				<string>PBXGroup</string>
				<key>name</key>
				<string>include</string>
				<key>sourceTree</key>
				<string>&lt;group&gt;</string>
			</dict>
			<key>44A88DDC01A2677728172FE5</key>
			<dict>
				<key>children</key>
				<array>
					<string>85268351534F8230AF283541</string>
				</array>
				<key>isa</key>
				<string>PBXGroup</string>
				<key>name</key>
				<string>include</string>
				<key>sourceTree</key>
				<string>&lt;group&gt;</string>
			</dict>
			<key>AC88EE60CE0AA69EB125399B</key>
			<dict>
				<key>children</key>
				<array>
					<string>44A88DDC01A2677728172FE5</string>
				</array>
				<key>isa</key>
				<string>PBXGroup</string>
				<key>name</key>
				<string>libsndfile</string>
				<key>sourceTree</key>
				<string>&lt;group&gt;</string>
			</dict>
			<key>19C2A63E26047C0D0BAF639D</key>
			<dict>
				<key>explicitFileType</key>
				<string>sourcecode.c.h</string>
				<key>fileEncoding</key>
				<string>30</string>
				<key>isa</key>
				<string>PBXFileReference</string>
				<key>name</key>
				<string>sndfile.h</string>
				<key>path</key>
				<string>../../../../addons/ofxSoundObjects/libs/libsndfile/include/include/sndfile.h</string>
				<key>sourceTree</key>
				<string>SOURCE_ROOT</string>
			</dict>
			<key>BD8EBB9EBBE93741863ECC6E</key>
			<dict>
				<key>fileRef</key>
				<string>07CD0D01D526EAF13A7CCF56</string>
				<key>isa</key>
				<string>PBXBuildFile</string>
			</dict>
			<key>07CD0D01D526EAF13A7CCF56</key>
			<dict>
				<key>explicitFileType</key>
				<string>sourcecode.cpp.cpp</string>
				<key>fileEncoding</key>
				<string>30</string>
				<key>isa</key>
				<string>PBXFileReference</string>
				<key>name</key>
				<string>audiodecodercoreaudio.cpp</string>
				<key>path</key>
				<string>../../../../addons/ofxSoundObjects/libs/libaudiodecoder/src/audiodecodercoreaudio.cpp</string>
				<key>sourceTree</key>
				<string>SOURCE_ROOT</string>
			</dict>
			<key>DFFC7CFC295FB1816D40F88E</key>
			<dict>
				<key>children</key>
				<array>
					<string>D70E972348CECBF09EA41A84</string>
					<string>07CD0D01D526EAF13A7CCF56</string>
				</array>
				<key>isa</key>
				<string>PBXGroup</string>
				<key>name</key>
				<string>src</string>
				<key>sourceTree</key>
				<string>&lt;group&gt;</string>
			</dict>
			<key>81655A54CDF0847CADC46700</key>
			<dict>
				<key>fileRef</key>
				<string>D70E972348CECBF09EA41A84</string>
				<key>isa</key>
				<string>PBXBuildFile</string>
			</dict>
			<key>D70E972348CECBF09EA41A84</key>
			<dict>
				<key>explicitFileType</key>
				<string>sourcecode.cpp.cpp</string>
				<key>fileEncoding</key>
				<string>30</string>
				<key>isa</key>
				<string>PBXFileReference</string>
				<key>name</key>
				<string>audiodecoderbase.cpp</string>
				<key>path</key>
				<string>../../../../addons/ofxSoundObjects/libs/libaudiodecoder/src/audiodecoderbase.cpp</string>
				<key>sourceTree</key>
				<string>SOURCE_ROOT</string>
			</dict>
			<key>93D6801C7BFA7DCE4D4B9F52</key>
			<dict>
				<key>explicitFileType</key>
				<string>sourcecode.c.h</string>
				<key>fileEncoding</key>
				<string>30</string>
				<key>isa</key>
				<string>PBXFileReference</string>
				<key>name</key>
				<string>audiodecodercoreaudio.h</string>
				<key>path</key>
				<string>../../../../addons/ofxSoundObjects/libs/libaudiodecoder/include/audiodecodercoreaudio.h</string>
				<key>sourceTree</key>
				<string>SOURCE_ROOT</string>
			</dict>
			<key>4EBDD8658C13102C36710E5B</key>
			<dict>
				<key>explicitFileType</key>
				<string>sourcecode.c.h</string>
				<key>fileEncoding</key>
				<string>30</string>
				<key>isa</key>
				<string>PBXFileReference</string>
				<key>name</key>
				<string>audiodecoderbase.h</string>
				<key>path</key>
				<string>../../../../addons/ofxSoundObjects/libs/libaudiodecoder/include/audiodecoderbase.h</string>
				<key>sourceTree</key>
				<string>SOURCE_ROOT</string>
			</dict>
			<key>C4F287F1CA41A39AA626406C</key>
			<dict>
				<key>explicitFileType</key>
				<string>sourcecode.c.h</string>
				<key>fileEncoding</key>
				<string>30</string>
				<key>isa</key>
				<string>PBXFileReference</string>
				<key>name</key>
				<string>audiodecoder.h</string>
				<key>path</key>
				<string>../../../../addons/ofxSoundObjects/libs/libaudiodecoder/include/audiodecoder.h</string>
				<key>sourceTree</key>
				<string>SOURCE_ROOT</string>
			</dict>
			<key>C843310D1DAB77807120A751</key>
			<dict>
				<key>explicitFileType</key>
				<string>sourcecode.c.h</string>
				<key>fileEncoding</key>
				<string>30</string>
				<key>isa</key>
				<string>PBXFileReference</string>
				<key>name</key>
				<string>CAStreamBasicDescription.h</string>
				<key>path</key>
				<string>../../../../addons/ofxSoundObjects/libs/libaudiodecoder/include/apple/CAStreamBasicDescription.h</string>
				<key>sourceTree</key>
				<string>SOURCE_ROOT</string>
			</dict>
			<key>4710833B233798A49949C87A</key>
			<dict>
				<key>children</key>
				<array>
					<string>D3EA5FB09CDDB82853B6BCE1</string>
					<string>C843310D1DAB77807120A751</string>
				</array>
				<key>isa</key>
				<string>PBXGroup</string>
				<key>name</key>
				<string>apple</string>
				<key>sourceTree</key>
				<string>&lt;group&gt;</string>
			</dict>
			<key>87B08DF735299C35C5021EEA</key>
			<dict>
				<key>children</key>
				<array>
					<string>4710833B233798A49949C87A</string>
					<string>C4F287F1CA41A39AA626406C</string>
					<string>4EBDD8658C13102C36710E5B</string>
					<string>93D6801C7BFA7DCE4D4B9F52</string>
				</array>
				<key>isa</key>
				<string>PBXGroup</string>
				<key>name</key>
				<string>include</string>
				<key>sourceTree</key>
				<string>&lt;group&gt;</string>
			</dict>
			<key>F26253624AC86260AFD80B56</key>
			<dict>
				<key>children</key>
				<array>
					<string>87B08DF735299C35C5021EEA</string>
					<string>DFFC7CFC295FB1816D40F88E</string>
				</array>
				<key>isa</key>
				<string>PBXGroup</string>
				<key>name</key>
				<string>libaudiodecoder</string>
				<key>sourceTree</key>
				<string>&lt;group&gt;</string>
			</dict>
			<key>EE444319650A32985C5E8F71</key>
			<dict>
				<key>children</key>
				<array>
					<string>F26253624AC86260AFD80B56</string>
					<string>AC88EE60CE0AA69EB125399B</string>
				</array>
				<key>isa</key>
				<string>PBXGroup</string>
				<key>name</key>
				<string>libs</string>
				<key>sourceTree</key>
				<string>&lt;group&gt;</string>
			</dict>
			<key>D3EA5FB09CDDB82853B6BCE1</key>
			<dict>
				<key>explicitFileType</key>
				<string>sourcecode.c.h</string>
				<key>fileEncoding</key>
				<string>30</string>
				<key>isa</key>
				<string>PBXFileReference</string>
				<key>name</key>
				<string>CADebugMacros.h</string>
				<key>path</key>
				<string>../../../../addons/ofxSoundObjects/libs/libaudiodecoder/include/apple/CADebugMacros.h</string>
				<key>sourceTree</key>
				<string>SOURCE_ROOT</string>
			</dict>
			<key>1CF4C583F78466FEDBE58114</key>
			<dict>
				<key>explicitFileType</key>
				<string>sourcecode.c.h</string>
				<key>fileEncoding</key>
				<string>30</string>
				<key>isa</key>
				<string>PBXFileReference</string>
				<key>name</key>
				<string>waveformDraw.h</string>
				<key>path</key>
				<string>../../../../addons/ofxSoundObjects/src/SoundObjects/waveformDraw.h</string>
				<key>sourceTree</key>
				<string>SOURCE_ROOT</string>
			</dict>
			<key>D0A2B859DBA47428E7EF32E3</key>
			<dict>
				<key>explicitFileType</key>
				<string>sourcecode.c.h</string>
				<key>fileEncoding</key>
				<string>30</string>
				<key>isa</key>
				<string>PBXFileReference</string>
				<key>name</key>
				<string>SineWaveGenerator.h</string>
				<key>path</key>
				<string>../../../../addons/ofxSoundObjects/src/SoundObjects/SineWaveGenerator.h</string>
				<key>sourceTree</key>
				<string>SOURCE_ROOT</string>
			</dict>
			<key>5A91A8174348D809D002937E</key>
			<dict>
				<key>explicitFileType</key>
				<string>sourcecode.c.h</string>
				<key>fileEncoding</key>
				<string>30</string>
				<key>isa</key>
				<string>PBXFileReference</string>
				<key>name</key>
				<string>NoiseGenerator.h</string>
				<key>path</key>
				<string>../../../../addons/ofxSoundObjects/src/SoundObjects/NoiseGenerator.h</string>
				<key>sourceTree</key>
				<string>SOURCE_ROOT</string>
			</dict>
			<key>6391DEC449DBADA52C37B60C</key>
			<dict>
				<key>explicitFileType</key>
				<string>sourcecode.c.h</string>
				<key>fileEncoding</key>
				<string>30</string>
				<key>isa</key>
				<string>PBXFileReference</string>
				<key>name</key>
				<string>LowPassFilter.h</string>
				<key>path</key>
				<string>../../../../addons/ofxSoundObjects/src/SoundObjects/LowPassFilter.h</string>
				<key>sourceTree</key>
				<string>SOURCE_ROOT</string>
			</dict>
			<key>F458332A72530CBF5B51D7B7</key>
			<dict>
				<key>children</key>
				<array>
					<string>509C9C41269538DA03422583</string>
					<string>6391DEC449DBADA52C37B60C</string>
					<string>5A91A8174348D809D002937E</string>
					<string>D0A2B859DBA47428E7EF32E3</string>
					<string>1CF4C583F78466FEDBE58114</string>
				</array>
				<key>isa</key>
				<string>PBXGroup</string>
				<key>name</key>
				<string>SoundObjects</string>
				<key>sourceTree</key>
				<string>&lt;group&gt;</string>
			</dict>
			<key>509C9C41269538DA03422583</key>
			<dict>
				<key>explicitFileType</key>
				<string>sourcecode.c.h</string>
				<key>fileEncoding</key>
				<string>30</string>
				<key>isa</key>
				<string>PBXFileReference</string>
				<key>name</key>
				<string>DigitalDelay.h</string>
				<key>path</key>
				<string>../../../../addons/ofxSoundObjects/src/SoundObjects/DigitalDelay.h</string>
				<key>sourceTree</key>
				<string>SOURCE_ROOT</string>
			</dict>
			<key>2505C70961E7B93744F12108</key>
			<dict>
				<key>explicitFileType</key>
				<string>sourcecode.c.h</string>
				<key>fileEncoding</key>
				<string>30</string>
				<key>isa</key>
				<string>PBXFileReference</string>
				<key>name</key>
				<string>ofxSoundPlayerObject.h</string>
				<key>path</key>
				<string>../../../../addons/ofxSoundObjects/src/ofxSoundPlayerObject.h</string>
				<key>sourceTree</key>
				<string>SOURCE_ROOT</string>
			</dict>
			<key>CC2E9EDBC220A530598CA42E</key>
			<dict>
				<key>fileRef</key>
				<string>8563D91AD3AE06B8CCF35736</string>
				<key>isa</key>
				<string>PBXBuildFile</string>
			</dict>
			<key>8563D91AD3AE06B8CCF35736</key>
			<dict>
				<key>explicitFileType</key>
				<string>sourcecode.cpp.cpp</string>
				<key>fileEncoding</key>
				<string>30</string>
				<key>isa</key>
				<string>PBXFileReference</string>
				<key>name</key>
				<string>ofxSoundPlayerObject.cpp</string>
				<key>path</key>
				<string>../../../../addons/ofxSoundObjects/src/ofxSoundPlayerObject.cpp</string>
				<key>sourceTree</key>
				<string>SOURCE_ROOT</string>
			</dict>
			<key>E67D7807F9BA72EECD658B7D</key>
			<dict>
				<key>explicitFileType</key>
				<string>sourcecode.c.h</string>
				<key>fileEncoding</key>
				<string>30</string>
				<key>isa</key>
				<string>PBXFileReference</string>
				<key>name</key>
				<string>ofxSoundObjectsUtils.h</string>
				<key>path</key>
				<string>../../../../addons/ofxSoundObjects/src/ofxSoundObjectsUtils.h</string>
				<key>sourceTree</key>
				<string>SOURCE_ROOT</string>
			</dict>
			<key>C8918A51ECF7CE17F9C3EA5E</key>
			<dict>
				<key>fileRef</key>
				<string>69C0BF2369DFCE71E434AA13</string>
				<key>isa</key>
				<string>PBXBuildFile</string>
			</dict>
			<key>69C0BF2369DFCE71E434AA13</key>
			<dict>
				<key>explicitFileType</key>
				<string>sourcecode.cpp.cpp</string>
				<key>fileEncoding</key>
				<string>30</string>
				<key>isa</key>
				<string>PBXFileReference</string>
				<key>name</key>
				<string>ofxSoundObjectsUtils.cpp</string>
				<key>path</key>
				<string>../../../../addons/ofxSoundObjects/src/ofxSoundObjectsUtils.cpp</string>
				<key>sourceTree</key>
				<string>SOURCE_ROOT</string>
			</dict>
			<key>28B6BD1702B803CA636F530E</key>
			<dict>
				<key>explicitFileType</key>
				<string>sourcecode.c.h</string>
				<key>fileEncoding</key>
				<string>30</string>
				<key>isa</key>
				<string>PBXFileReference</string>
				<key>name</key>
				<string>ofxSoundObjects.h</string>
				<key>path</key>
				<string>../../../../addons/ofxSoundObjects/src/ofxSoundObjects.h</string>
				<key>sourceTree</key>
				<string>SOURCE_ROOT</string>
			</dict>
			<key>342ADC53BB4969A233C2DF36</key>
			<dict>
				<key>explicitFileType</key>
				<string>sourcecode.c.h</string>
				<key>fileEncoding</key>
				<string>30</string>
				<key>isa</key>
				<string>PBXFileReference</string>
				<key>name</key>
				<string>ofxSoundObject.h</string>
				<key>path</key>
				<string>../../../../addons/ofxSoundObjects/src/ofxSoundObject.h</string>
				<key>sourceTree</key>
				<string>SOURCE_ROOT</string>
			</dict>
			<key>D9BB18BBB960849FEB17B9F3</key>
			<dict>
				<key>fileRef</key>
				<string>9D27987D3906B8617F59C818</string>
				<key>isa</key>
				<string>PBXBuildFile</string>
			</dict>
			<key>9D27987D3906B8617F59C818</key>
			<dict>
				<key>explicitFileType</key>
				<string>sourcecode.cpp.cpp</string>
				<key>fileEncoding</key>
				<string>30</string>
				<key>isa</key>
				<string>PBXFileReference</string>
				<key>name</key>
				<string>ofxSoundObject.cpp</string>
				<key>path</key>
				<string>../../../../addons/ofxSoundObjects/src/ofxSoundObject.cpp</string>
				<key>sourceTree</key>
				<string>SOURCE_ROOT</string>
			</dict>
			<key>61D98358E403F253C063B3A9</key>
			<dict>
				<key>explicitFileType</key>
				<string>sourcecode.c.h</string>
				<key>fileEncoding</key>
				<string>30</string>
				<key>isa</key>
				<string>PBXFileReference</string>
				<key>name</key>
				<string>ofxSoundMultiplexer.h</string>
				<key>path</key>
				<string>../../../../addons/ofxSoundObjects/src/ofxSoundMultiplexer.h</string>
				<key>sourceTree</key>
				<string>SOURCE_ROOT</string>
			</dict>
			<key>656CE2C223AA722F8814C092</key>
			<dict>
				<key>fileRef</key>
				<string>3F190ABBB4A1874B6E71E8D4</string>
				<key>isa</key>
				<string>PBXBuildFile</string>
			</dict>
			<key>3F190ABBB4A1874B6E71E8D4</key>
			<dict>
				<key>explicitFileType</key>
				<string>sourcecode.cpp.cpp</string>
				<key>fileEncoding</key>
				<string>30</string>
				<key>isa</key>
				<string>PBXFileReference</string>
				<key>name</key>
				<string>ofxSoundMultiplexer.cpp</string>
				<key>path</key>
				<string>../../../../addons/ofxSoundObjects/src/ofxSoundMultiplexer.cpp</string>
				<key>sourceTree</key>
				<string>SOURCE_ROOT</string>
			</dict>
			<key>3DD52DF8B4652B38A7C00DD2</key>
			<dict>
				<key>explicitFileType</key>
				<string>sourcecode.c.h</string>
				<key>fileEncoding</key>
				<string>30</string>
				<key>isa</key>
				<string>PBXFileReference</string>
				<key>name</key>
				<string>ofxSoundMixer.h</string>
				<key>path</key>
				<string>../../../../addons/ofxSoundObjects/src/ofxSoundMixer.h</string>
				<key>sourceTree</key>
				<string>SOURCE_ROOT</string>
			</dict>
			<key>61A49D9B4EC7AF5499E9FFFB</key>
			<dict>
				<key>fileRef</key>
				<string>82417F57553598C96428184C</string>
				<key>isa</key>
				<string>PBXBuildFile</string>
			</dict>
			<key>82417F57553598C96428184C</key>
			<dict>
				<key>explicitFileType</key>
				<string>sourcecode.cpp.cpp</string>
				<key>fileEncoding</key>
				<string>30</string>
				<key>isa</key>
				<string>PBXFileReference</string>
				<key>name</key>
				<string>ofxSoundMixer.cpp</string>
				<key>path</key>
				<string>../../../../addons/ofxSoundObjects/src/ofxSoundMixer.cpp</string>
				<key>sourceTree</key>
				<string>SOURCE_ROOT</string>
			</dict>
			<key>3A53AEAAC06DA8F7EDDFA5B0</key>
			<dict>
				<key>explicitFileType</key>
				<string>sourcecode.c.h</string>
				<key>fileEncoding</key>
				<string>30</string>
				<key>isa</key>
				<string>PBXFileReference</string>
				<key>name</key>
				<string>ofxSoundFile.h</string>
				<key>path</key>
				<string>../../../../addons/ofxSoundObjects/src/ofxSoundFile.h</string>
				<key>sourceTree</key>
				<string>SOURCE_ROOT</string>
			</dict>
			<key>1DD23CBDBDA3CB59B15B7F48</key>
			<dict>
				<key>children</key>
				<array>
					<string>01B9372202BD9B7CA7F471F3</string>
					<string>3A53AEAAC06DA8F7EDDFA5B0</string>
					<string>82417F57553598C96428184C</string>
					<string>3DD52DF8B4652B38A7C00DD2</string>
					<string>3F190ABBB4A1874B6E71E8D4</string>
					<string>61D98358E403F253C063B3A9</string>
					<string>9D27987D3906B8617F59C818</string>
					<string>342ADC53BB4969A233C2DF36</string>
					<string>28B6BD1702B803CA636F530E</string>
					<string>69C0BF2369DFCE71E434AA13</string>
					<string>E67D7807F9BA72EECD658B7D</string>
					<string>8563D91AD3AE06B8CCF35736</string>
					<string>2505C70961E7B93744F12108</string>
					<string>F458332A72530CBF5B51D7B7</string>
				</array>
				<key>isa</key>
				<string>PBXGroup</string>
				<key>name</key>
				<string>src</string>
				<key>sourceTree</key>
				<string>&lt;group&gt;</string>
			</dict>
			<key>41B26342D97D99EEEB93B344</key>
			<dict>
				<key>children</key>
				<array>
					<string>1DD23CBDBDA3CB59B15B7F48</string>
					<string>EE444319650A32985C5E8F71</string>
				</array>
				<key>isa</key>
				<string>PBXGroup</string>
				<key>name</key>
				<string>ofxSoundObjects</string>
				<key>sourceTree</key>
				<string>&lt;group&gt;</string>
			</dict>
			<key>8997204D83B7EE28EB114AE7</key>
			<dict>
				<key>fileRef</key>
				<string>01B9372202BD9B7CA7F471F3</string>
				<key>isa</key>
				<string>PBXBuildFile</string>
			</dict>
			<key>01B9372202BD9B7CA7F471F3</key>
			<dict>
				<key>explicitFileType</key>
				<string>sourcecode.cpp.cpp</string>
				<key>fileEncoding</key>
				<string>30</string>
				<key>isa</key>
				<string>PBXFileReference</string>
				<key>name</key>
				<string>ofxSoundFile.cpp</string>
				<key>path</key>
				<string>../../../../addons/ofxSoundObjects/src/ofxSoundFile.cpp</string>
				<key>sourceTree</key>
				<string>SOURCE_ROOT</string>
			</dict>
			<key>78F524ADA8DDC5DF3F460FA5</key>
			<dict>
				<key>explicitFileType</key>
				<string>sourcecode.c.h</string>
				<key>fileEncoding</key>
				<string>30</string>
				<key>isa</key>
				<string>PBXFileReference</string>
				<key>name</key>
				<string>ofxToggle.h</string>
				<key>path</key>
				<string>../../../../addons/ofxGui/src/ofxToggle.h</string>
				<key>sourceTree</key>
				<string>SOURCE_ROOT</string>
			</dict>
			<key>B07D6C52C2FE371D2B91739E</key>
			<dict>
				<key>fileRef</key>
				<string>E118568A6BABFFADB75DB858</string>
				<key>isa</key>
				<string>PBXBuildFile</string>
			</dict>
			<key>E118568A6BABFFADB75DB858</key>
			<dict>
				<key>explicitFileType</key>
				<string>sourcecode.cpp.cpp</string>
				<key>fileEncoding</key>
				<string>30</string>
				<key>isa</key>
				<string>PBXFileReference</string>
				<key>name</key>
				<string>ofxToggle.cpp</string>
				<key>path</key>
				<string>../../../../addons/ofxGui/src/ofxToggle.cpp</string>
				<key>sourceTree</key>
				<string>SOURCE_ROOT</string>
			</dict>
			<key>CC050FCE6035B4BAFB0D11B1</key>
			<dict>
				<key>explicitFileType</key>
				<string>sourcecode.c.h</string>
				<key>fileEncoding</key>
				<string>30</string>
				<key>isa</key>
				<string>PBXFileReference</string>
				<key>name</key>
				<string>ofxSliderGroup.h</string>
				<key>path</key>
				<string>../../../../addons/ofxGui/src/ofxSliderGroup.h</string>
				<key>sourceTree</key>
				<string>SOURCE_ROOT</string>
			</dict>
			<key>413B65A0F41D699F37AB4C06</key>
			<dict>
				<key>fileRef</key>
				<string>99B37C8367EB4811EEF8E78D</string>
				<key>isa</key>
				<string>PBXBuildFile</string>
			</dict>
			<key>99B37C8367EB4811EEF8E78D</key>
			<dict>
				<key>explicitFileType</key>
				<string>sourcecode.cpp.cpp</string>
				<key>fileEncoding</key>
				<string>30</string>
				<key>isa</key>
				<string>PBXFileReference</string>
				<key>name</key>
				<string>ofxSliderGroup.cpp</string>
				<key>path</key>
				<string>../../../../addons/ofxGui/src/ofxSliderGroup.cpp</string>
				<key>sourceTree</key>
				<string>SOURCE_ROOT</string>
			</dict>
			<key>D41FA502010DB4C51A4C1390</key>
			<dict>
				<key>explicitFileType</key>
				<string>sourcecode.c.h</string>
				<key>fileEncoding</key>
				<string>30</string>
				<key>isa</key>
				<string>PBXFileReference</string>
				<key>name</key>
				<string>ofxSlider.h</string>
				<key>path</key>
				<string>../../../../addons/ofxGui/src/ofxSlider.h</string>
				<key>sourceTree</key>
				<string>SOURCE_ROOT</string>
			</dict>
			<key>A2953313263AE1234930247E</key>
			<dict>
				<key>fileRef</key>
				<string>AEA7CD14AC4CC1AF68D59D19</string>
				<key>isa</key>
				<string>PBXBuildFile</string>
			</dict>
			<key>AEA7CD14AC4CC1AF68D59D19</key>
			<dict>
				<key>explicitFileType</key>
				<string>sourcecode.cpp.cpp</string>
				<key>fileEncoding</key>
				<string>30</string>
				<key>isa</key>
				<string>PBXFileReference</string>
				<key>name</key>
				<string>ofxSlider.cpp</string>
				<key>path</key>
				<string>../../../../addons/ofxGui/src/ofxSlider.cpp</string>
				<key>sourceTree</key>
				<string>SOURCE_ROOT</string>
			</dict>
			<key>4EBE44F173B46F539D0F4741</key>
			<dict>
				<key>explicitFileType</key>
				<string>sourcecode.c.h</string>
				<key>fileEncoding</key>
				<string>30</string>
				<key>isa</key>
				<string>PBXFileReference</string>
				<key>name</key>
				<string>ofxPanel.h</string>
				<key>path</key>
				<string>../../../../addons/ofxGui/src/ofxPanel.h</string>
				<key>sourceTree</key>
				<string>SOURCE_ROOT</string>
			</dict>
			<key>CE6F136678038366969711AB</key>
			<dict>
				<key>fileRef</key>
				<string>27CE0445D02D803853EC74E8</string>
				<key>isa</key>
				<string>PBXBuildFile</string>
			</dict>
			<key>27CE0445D02D803853EC74E8</key>
			<dict>
				<key>explicitFileType</key>
				<string>sourcecode.cpp.cpp</string>
				<key>fileEncoding</key>
				<string>30</string>
				<key>isa</key>
				<string>PBXFileReference</string>
				<key>name</key>
				<string>ofxPanel.cpp</string>
				<key>path</key>
				<string>../../../../addons/ofxGui/src/ofxPanel.cpp</string>
				<key>sourceTree</key>
				<string>SOURCE_ROOT</string>
			</dict>
			<key>F100E30570234E337922C10C</key>
			<dict>
				<key>explicitFileType</key>
				<string>sourcecode.c.h</string>
				<key>fileEncoding</key>
				<string>30</string>
				<key>isa</key>
				<string>PBXFileReference</string>
				<key>name</key>
				<string>ofxLabel.h</string>
				<key>path</key>
				<string>../../../../addons/ofxGui/src/ofxLabel.h</string>
				<key>sourceTree</key>
				<string>SOURCE_ROOT</string>
			</dict>
			<key>81BE400C35825643551A3190</key>
			<dict>
				<key>fileRef</key>
				<string>73799D65360CD587DCAE90A0</string>
				<key>isa</key>
				<string>PBXBuildFile</string>
			</dict>
			<key>73799D65360CD587DCAE90A0</key>
			<dict>
				<key>explicitFileType</key>
				<string>sourcecode.cpp.cpp</string>
				<key>fileEncoding</key>
				<string>30</string>
				<key>isa</key>
				<string>PBXFileReference</string>
				<key>name</key>
				<string>ofxLabel.cpp</string>
				<key>path</key>
				<string>../../../../addons/ofxGui/src/ofxLabel.cpp</string>
				<key>sourceTree</key>
				<string>SOURCE_ROOT</string>
			</dict>
			<key>44C0961009D36089EBA9C36F</key>
			<dict>
				<key>explicitFileType</key>
				<string>sourcecode.c.h</string>
				<key>fileEncoding</key>
				<string>30</string>
				<key>isa</key>
				<string>PBXFileReference</string>
				<key>name</key>
				<string>ofxGuiGroup.h</string>
				<key>path</key>
				<string>../../../../addons/ofxGui/src/ofxGuiGroup.h</string>
				<key>sourceTree</key>
				<string>SOURCE_ROOT</string>
			</dict>
			<key>CFFFBA144E8160ECC1C97982</key>
			<dict>
				<key>fileRef</key>
				<string>BD6A6ADD1A79B85E833FBDF1</string>
				<key>isa</key>
				<string>PBXBuildFile</string>
			</dict>
			<key>BD6A6ADD1A79B85E833FBDF1</key>
			<dict>
				<key>explicitFileType</key>
				<string>sourcecode.cpp.cpp</string>
				<key>fileEncoding</key>
				<string>30</string>
				<key>isa</key>
				<string>PBXFileReference</string>
				<key>name</key>
				<string>ofxGuiGroup.cpp</string>
				<key>path</key>
				<string>../../../../addons/ofxGui/src/ofxGuiGroup.cpp</string>
				<key>sourceTree</key>
				<string>SOURCE_ROOT</string>
			</dict>
			<key>607FCA3A979EBCF02F0B00FC</key>
			<dict>
				<key>explicitFileType</key>
				<string>sourcecode.c.h</string>
				<key>fileEncoding</key>
				<string>30</string>
				<key>isa</key>
				<string>PBXFileReference</string>
				<key>name</key>
				<string>ofxGui.h</string>
				<key>path</key>
				<string>../../../../addons/ofxGui/src/ofxGui.h</string>
				<key>sourceTree</key>
				<string>SOURCE_ROOT</string>
			</dict>
			<key>481083C90D96C0AAA580E194</key>
			<dict>
				<key>explicitFileType</key>
				<string>sourcecode.c.h</string>
				<key>fileEncoding</key>
				<string>30</string>
				<key>isa</key>
				<string>PBXFileReference</string>
				<key>name</key>
				<string>ofxButton.h</string>
				<key>path</key>
				<string>../../../../addons/ofxGui/src/ofxButton.h</string>
				<key>sourceTree</key>
				<string>SOURCE_ROOT</string>
			</dict>
			<key>A61B54CA66E926867C59D2C6</key>
			<dict>
				<key>fileRef</key>
				<string>AE859610F3926950EBBC8B13</string>
				<key>isa</key>
				<string>PBXBuildFile</string>
			</dict>
			<key>AE859610F3926950EBBC8B13</key>
			<dict>
				<key>explicitFileType</key>
				<string>sourcecode.cpp.cpp</string>
				<key>fileEncoding</key>
				<string>30</string>
				<key>isa</key>
				<string>PBXFileReference</string>
				<key>name</key>
				<string>ofxButton.cpp</string>
				<key>path</key>
				<string>../../../../addons/ofxGui/src/ofxButton.cpp</string>
				<key>sourceTree</key>
				<string>SOURCE_ROOT</string>
			</dict>
			<key>EE3013E1AD254D862ADCA585</key>
			<dict>
				<key>explicitFileType</key>
				<string>sourcecode.c.h</string>
				<key>fileEncoding</key>
				<string>30</string>
				<key>isa</key>
				<string>PBXFileReference</string>
				<key>name</key>
				<string>ofxBaseGui.h</string>
				<key>path</key>
				<string>../../../../addons/ofxGui/src/ofxBaseGui.h</string>
				<key>sourceTree</key>
				<string>SOURCE_ROOT</string>
			</dict>
			<key>A763ED608B35AE3310251DEE</key>
			<dict>
				<key>children</key>
				<array>
					<string>BA20A4B3FEF378FA209B9E4E</string>
					<string>EE3013E1AD254D862ADCA585</string>
					<string>AE859610F3926950EBBC8B13</string>
					<string>481083C90D96C0AAA580E194</string>
					<string>607FCA3A979EBCF02F0B00FC</string>
					<string>BD6A6ADD1A79B85E833FBDF1</string>
					<string>44C0961009D36089EBA9C36F</string>
					<string>73799D65360CD587DCAE90A0</string>
					<string>F100E30570234E337922C10C</string>
					<string>27CE0445D02D803853EC74E8</string>
					<string>4EBE44F173B46F539D0F4741</string>
					<string>AEA7CD14AC4CC1AF68D59D19</string>
					<string>D41FA502010DB4C51A4C1390</string>
					<string>99B37C8367EB4811EEF8E78D</string>
					<string>CC050FCE6035B4BAFB0D11B1</string>
					<string>E118568A6BABFFADB75DB858</string>
					<string>78F524ADA8DDC5DF3F460FA5</string>
				</array>
				<key>isa</key>
				<string>PBXGroup</string>
				<key>name</key>
				<string>src</string>
				<key>sourceTree</key>
				<string>&lt;group&gt;</string>
			</dict>
			<key>480A780D8D0308AE4A368801</key>
			<dict>
				<key>children</key>
				<array>
					<string>A763ED608B35AE3310251DEE</string>
				</array>
				<key>isa</key>
				<string>PBXGroup</string>
				<key>name</key>
				<string>ofxGui</string>
				<key>sourceTree</key>
				<string>&lt;group&gt;</string>
			</dict>
			<key>106B9A6182DF98E835C09B47</key>
			<dict>
				<key>fileRef</key>
				<string>BA20A4B3FEF378FA209B9E4E</string>
				<key>isa</key>
				<string>PBXBuildFile</string>
			</dict>
			<key>BA20A4B3FEF378FA209B9E4E</key>
			<dict>
				<key>explicitFileType</key>
				<string>sourcecode.cpp.cpp</string>
				<key>fileEncoding</key>
				<string>30</string>
				<key>isa</key>
				<string>PBXFileReference</string>
				<key>name</key>
				<string>ofxBaseGui.cpp</string>
				<key>path</key>
				<string>../../../../addons/ofxGui/src/ofxBaseGui.cpp</string>
				<key>sourceTree</key>
				<string>SOURCE_ROOT</string>
			</dict>
			<key>A3BD89ED89C049A87742D6D0</key>
			<dict>
				<key>explicitFileType</key>
				<string>sourcecode.c.h</string>
				<key>fileEncoding</key>
				<string>30</string>
				<key>isa</key>
				<string>PBXFileReference</string>
				<key>name</key>
				<string>fft.h</string>
				<key>path</key>
				<string>../../../../addons/ofxFFT/libs/fft.h</string>
				<key>sourceTree</key>
				<string>SOURCE_ROOT</string>
			</dict>
			<key>1B64B7957A22C4BDA1592DD4</key>
			<dict>
				<key>children</key>
				<array>
					<string>41BD7AAD8B0DE0FF06AE9E2B</string>
					<string>A3BD89ED89C049A87742D6D0</string>
				</array>
				<key>isa</key>
				<string>PBXGroup</string>
				<key>name</key>
				<string>libs</string>
				<key>sourceTree</key>
				<string>&lt;group&gt;</string>
			</dict>
			<key>9B3B5CE9AF934512F1B8F3ED</key>
			<dict>
				<key>fileRef</key>
				<string>41BD7AAD8B0DE0FF06AE9E2B</string>
				<key>isa</key>
				<string>PBXBuildFile</string>
			</dict>
			<key>41BD7AAD8B0DE0FF06AE9E2B</key>
			<dict>
				<key>explicitFileType</key>
				<string>sourcecode.cpp.cpp</string>
				<key>fileEncoding</key>
				<string>30</string>
				<key>isa</key>
				<string>PBXFileReference</string>
				<key>name</key>
				<string>fft.cpp</string>
				<key>path</key>
				<string>../../../../addons/ofxFFT/libs/fft.cpp</string>
				<key>sourceTree</key>
				<string>SOURCE_ROOT</string>
			</dict>
			<key>36460EA5044C6B9936C4819E</key>
			<dict>
				<key>explicitFileType</key>
				<string>sourcecode.c.h</string>
				<key>fileEncoding</key>
				<string>30</string>
				<key>isa</key>
				<string>PBXFileReference</string>
				<key>name</key>
				<string>ofxFFTLive.h</string>
				<key>path</key>
				<string>../../../../addons/ofxFFT/src/ofxFFTLive.h</string>
				<key>sourceTree</key>
				<string>SOURCE_ROOT</string>
			</dict>
			<key>64C39EA9E8F0DA1086C75D18</key>
			<dict>
				<key>fileRef</key>
				<string>9E7B2E1F9A85CCB8B3965A69</string>
				<key>isa</key>
				<string>PBXBuildFile</string>
			</dict>
			<key>9E7B2E1F9A85CCB8B3965A69</key>
			<dict>
				<key>explicitFileType</key>
				<string>sourcecode.cpp.cpp</string>
				<key>fileEncoding</key>
				<string>30</string>
				<key>isa</key>
				<string>PBXFileReference</string>
				<key>name</key>
				<string>ofxFFTLive.cpp</string>
				<key>path</key>
				<string>../../../../addons/ofxFFT/src/ofxFFTLive.cpp</string>
				<key>sourceTree</key>
				<string>SOURCE_ROOT</string>
			</dict>
			<key>44A1718236F8EE2096B94F8B</key>
			<dict>
				<key>explicitFileType</key>
				<string>sourcecode.c.h</string>
				<key>fileEncoding</key>
				<string>30</string>
				<key>isa</key>
				<string>PBXFileReference</string>
				<key>name</key>
				<string>ofxFFTFile.h</string>
				<key>path</key>
				<string>../../../../addons/ofxFFT/src/ofxFFTFile.h</string>
				<key>sourceTree</key>
				<string>SOURCE_ROOT</string>
			</dict>
			<key>8DF77B5CA6336AE786DB65ED</key>
			<dict>
				<key>fileRef</key>
				<string>10385D8DE67234E74CE22753</string>
				<key>isa</key>
				<string>PBXBuildFile</string>
			</dict>
			<key>10385D8DE67234E74CE22753</key>
			<dict>
				<key>explicitFileType</key>
				<string>sourcecode.cpp.cpp</string>
				<key>fileEncoding</key>
				<string>30</string>
				<key>isa</key>
				<string>PBXFileReference</string>
				<key>name</key>
				<string>ofxFFTFile.cpp</string>
				<key>path</key>
				<string>../../../../addons/ofxFFT/src/ofxFFTFile.cpp</string>
				<key>sourceTree</key>
				<string>SOURCE_ROOT</string>
			</dict>
			<key>9D0A8E9477BFA26296650BA4</key>
			<dict>
				<key>explicitFileType</key>
				<string>sourcecode.c.h</string>
				<key>fileEncoding</key>
				<string>30</string>
				<key>isa</key>
				<string>PBXFileReference</string>
				<key>name</key>
				<string>ofxFFTBase.h</string>
				<key>path</key>
				<string>../../../../addons/ofxFFT/src/ofxFFTBase.h</string>
				<key>sourceTree</key>
				<string>SOURCE_ROOT</string>
			</dict>
			<key>0A2E5BCC3F86CB447BAEAEB2</key>
			<dict>
				<key>children</key>
				<array>
					<string>133478C1CD522864AD73B271</string>
					<string>9D0A8E9477BFA26296650BA4</string>
					<string>10385D8DE67234E74CE22753</string>
					<string>44A1718236F8EE2096B94F8B</string>
					<string>9E7B2E1F9A85CCB8B3965A69</string>
					<string>36460EA5044C6B9936C4819E</string>
				</array>
				<key>isa</key>
				<string>PBXGroup</string>
				<key>name</key>
				<string>src</string>
				<key>sourceTree</key>
				<string>&lt;group&gt;</string>
			</dict>
			<key>38D6D30992FE734203F60492</key>
			<dict>
				<key>children</key>
				<array>
					<string>0A2E5BCC3F86CB447BAEAEB2</string>
					<string>1B64B7957A22C4BDA1592DD4</string>
				</array>
				<key>isa</key>
				<string>PBXGroup</string>
				<key>name</key>
				<string>ofxFFT</string>
				<key>sourceTree</key>
				<string>&lt;group&gt;</string>
			</dict>
			<key>64E2BFA66388FCC641984259</key>
			<dict>
				<key>fileRef</key>
				<string>133478C1CD522864AD73B271</string>
				<key>isa</key>
				<string>PBXBuildFile</string>
			</dict>
			<key>133478C1CD522864AD73B271</key>
			<dict>
				<key>explicitFileType</key>
				<string>sourcecode.cpp.cpp</string>
				<key>fileEncoding</key>
				<string>30</string>
				<key>isa</key>
				<string>PBXFileReference</string>
				<key>name</key>
				<string>ofxFFTBase.cpp</string>
				<key>path</key>
				<string>../../../../addons/ofxFFT/src/ofxFFTBase.cpp</string>
				<key>sourceTree</key>
				<string>SOURCE_ROOT</string>
			</dict>
			<key>5FEEE60608060E00DD50ED09</key>
			<dict>
				<key>explicitFileType</key>
				<string>sourcecode.c.h</string>
				<key>fileEncoding</key>
				<string>30</string>
				<key>isa</key>
				<string>PBXFileReference</string>
				<key>name</key>
				<string>ofxFEngineFreeCam.h</string>
				<key>path</key>
				<string>../../../../addons/ofxFEngine3DCore/src/ofxFEngineFreeCam.h</string>
				<key>sourceTree</key>
				<string>SOURCE_ROOT</string>
			</dict>
			<key>6F7CEBB0967CF303628E8595</key>
			<dict>
				<key>fileRef</key>
				<string>25A8DB9486EAA45B213CC81F</string>
				<key>isa</key>
				<string>PBXBuildFile</string>
			</dict>
			<key>25A8DB9486EAA45B213CC81F</key>
			<dict>
				<key>explicitFileType</key>
				<string>sourcecode.cpp.cpp</string>
				<key>fileEncoding</key>
				<string>30</string>
				<key>isa</key>
				<string>PBXFileReference</string>
				<key>name</key>
				<string>ofxFEngineFreeCam.cpp</string>
				<key>path</key>
				<string>../../../../addons/ofxFEngine3DCore/src/ofxFEngineFreeCam.cpp</string>
				<key>sourceTree</key>
				<string>SOURCE_ROOT</string>
			</dict>
			<key>3E6C76CA32A99A97D0054567</key>
			<dict>
				<key>explicitFileType</key>
				<string>sourcecode.c.h</string>
				<key>fileEncoding</key>
				<string>30</string>
				<key>isa</key>
				<string>PBXFileReference</string>
				<key>name</key>
				<string>ofxFEngineEnvironment.h</string>
				<key>path</key>
				<string>../../../../addons/ofxFEngine3DCore/src/ofxFEngineEnvironment.h</string>
				<key>sourceTree</key>
				<string>SOURCE_ROOT</string>
			</dict>
			<key>698C23F77B3B354F9154CBA1</key>
			<dict>
				<key>fileRef</key>
				<string>6F45D45BD3EEBD8ECD2A34E9</string>
				<key>isa</key>
				<string>PBXBuildFile</string>
			</dict>
			<key>6F45D45BD3EEBD8ECD2A34E9</key>
			<dict>
				<key>explicitFileType</key>
				<string>sourcecode.cpp.cpp</string>
				<key>fileEncoding</key>
				<string>30</string>
				<key>isa</key>
				<string>PBXFileReference</string>
				<key>name</key>
				<string>ofxFEngineEnvironment.cpp</string>
				<key>path</key>
				<string>../../../../addons/ofxFEngine3DCore/src/ofxFEngineEnvironment.cpp</string>
				<key>sourceTree</key>
				<string>SOURCE_ROOT</string>
			</dict>
			<key>4C37B10061D681F127A20571</key>
			<dict>
				<key>children</key>
				<array>
					<string>EEAE17844C31F90D578D11CF</string>
					<string>6F45D45BD3EEBD8ECD2A34E9</string>
					<string>3E6C76CA32A99A97D0054567</string>
					<string>25A8DB9486EAA45B213CC81F</string>
					<string>5FEEE60608060E00DD50ED09</string>
				</array>
				<key>isa</key>
				<string>PBXGroup</string>
				<key>name</key>
				<string>src</string>
				<key>sourceTree</key>
				<string>&lt;group&gt;</string>
			</dict>
			<key>A8A179E8FAB6E05EF4AD33EA</key>
			<dict>
				<key>children</key>
				<array>
					<string>4C37B10061D681F127A20571</string>
				</array>
				<key>isa</key>
				<string>PBXGroup</string>
				<key>name</key>
				<string>ofxFEngine3DCore</string>
				<key>sourceTree</key>
				<string>&lt;group&gt;</string>
			</dict>
			<key>EEAE17844C31F90D578D11CF</key>
			<dict>
				<key>explicitFileType</key>
				<string>sourcecode.c.h</string>
				<key>fileEncoding</key>
				<string>30</string>
				<key>isa</key>
				<string>PBXFileReference</string>
				<key>name</key>
				<string>ofxFEngine3DCore.h</string>
				<key>path</key>
				<string>../../../../addons/ofxFEngine3DCore/src/ofxFEngine3DCore.h</string>
				<key>sourceTree</key>
				<string>SOURCE_ROOT</string>
			</dict>
			<key>A8ACD41DB0B753BB961BFBCC</key>
			<dict>
				<key>explicitFileType</key>
				<string>sourcecode.c.h</string>
				<key>fileEncoding</key>
				<string>30</string>
				<key>isa</key>
				<string>PBXFileReference</string>
				<key>name</key>
				<string>ofxDatGuiThemes.h</string>
				<key>path</key>
				<string>../../../../addons/ofxDatGui/src/themes/ofxDatGuiThemes.h</string>
				<key>sourceTree</key>
				<string>SOURCE_ROOT</string>
			</dict>
			<key>911FE1C75E520EE70A7B4830</key>
			<dict>
				<key>children</key>
				<array>
					<string>9526AB89FC70FEC9AA92DE97</string>
					<string>A8ACD41DB0B753BB961BFBCC</string>
				</array>
				<key>isa</key>
				<string>PBXGroup</string>
				<key>name</key>
				<string>themes</string>
				<key>sourceTree</key>
				<string>&lt;group&gt;</string>
			</dict>
			<key>9526AB89FC70FEC9AA92DE97</key>
			<dict>
				<key>explicitFileType</key>
				<string>sourcecode.c.h</string>
				<key>fileEncoding</key>
				<string>30</string>
				<key>isa</key>
				<string>PBXFileReference</string>
				<key>name</key>
				<string>ofxDatGuiTheme.h</string>
				<key>path</key>
				<string>../../../../addons/ofxDatGui/src/themes/ofxDatGuiTheme.h</string>
				<key>sourceTree</key>
				<string>SOURCE_ROOT</string>
			</dict>
			<key>570BF763CB5C52B13B6348A3</key>
			<dict>
				<key>explicitFileType</key>
				<string>sourcecode.c.h</string>
				<key>fileEncoding</key>
				<string>30</string>
				<key>isa</key>
				<string>PBXFileReference</string>
				<key>name</key>
				<string>ofxDatGui.h</string>
				<key>path</key>
				<string>../../../../addons/ofxDatGui/src/ofxDatGui.h</string>
				<key>sourceTree</key>
				<string>SOURCE_ROOT</string>
			</dict>
			<key>D76338E76F135DAEA178448E</key>
			<dict>
				<key>fileRef</key>
				<string>9DF538C3EDD35794E38ACF74</string>
				<key>isa</key>
				<string>PBXBuildFile</string>
			</dict>
			<key>9DF538C3EDD35794E38ACF74</key>
			<dict>
				<key>explicitFileType</key>
				<string>sourcecode.cpp.cpp</string>
				<key>fileEncoding</key>
				<string>30</string>
				<key>isa</key>
				<string>PBXFileReference</string>
				<key>name</key>
				<string>ofxDatGui.cpp</string>
				<key>path</key>
				<string>../../../../addons/ofxDatGui/src/ofxDatGui.cpp</string>
				<key>sourceTree</key>
				<string>SOURCE_ROOT</string>
			</dict>
			<key>835C5883006254B095DFB170</key>
			<dict>
				<key>explicitFileType</key>
				<string>sourcecode.c.h</string>
				<key>fileEncoding</key>
				<string>30</string>
				<key>isa</key>
				<string>PBXFileReference</string>
				<key>name</key>
				<string>ofxSmartFont.h</string>
				<key>path</key>
				<string>../../../../addons/ofxDatGui/src/libs/ofxSmartFont/ofxSmartFont.h</string>
				<key>sourceTree</key>
				<string>SOURCE_ROOT</string>
			</dict>
			<key>0EF29D3ABD6E4147AE024D7A</key>
			<dict>
				<key>children</key>
				<array>
					<string>992CA6A0E41C3072E9E7952F</string>
					<string>835C5883006254B095DFB170</string>
				</array>
				<key>isa</key>
				<string>PBXGroup</string>
				<key>name</key>
				<string>ofxSmartFont</string>
				<key>sourceTree</key>
				<string>&lt;group&gt;</string>
			</dict>
			<key>69146F0BA46E48E576618E5E</key>
			<dict>
				<key>children</key>
				<array>
					<string>0EF29D3ABD6E4147AE024D7A</string>
				</array>
				<key>isa</key>
				<string>PBXGroup</string>
				<key>name</key>
				<string>libs</string>
				<key>sourceTree</key>
				<string>&lt;group&gt;</string>
			</dict>
			<key>C925D4ED37A4E21996B23783</key>
			<dict>
				<key>fileRef</key>
				<string>992CA6A0E41C3072E9E7952F</string>
				<key>isa</key>
				<string>PBXBuildFile</string>
			</dict>
			<key>992CA6A0E41C3072E9E7952F</key>
			<dict>
				<key>explicitFileType</key>
				<string>sourcecode.cpp.cpp</string>
				<key>fileEncoding</key>
				<string>30</string>
				<key>isa</key>
				<string>PBXFileReference</string>
				<key>name</key>
				<string>ofxSmartFont.cpp</string>
				<key>path</key>
				<string>../../../../addons/ofxDatGui/src/libs/ofxSmartFont/ofxSmartFont.cpp</string>
				<key>sourceTree</key>
				<string>SOURCE_ROOT</string>
			</dict>
			<key>91C1DC102245A7BDE05C2464</key>
			<dict>
				<key>explicitFileType</key>
				<string>sourcecode.c.h</string>
				<key>fileEncoding</key>
				<string>30</string>
				<key>isa</key>
				<string>PBXFileReference</string>
				<key>name</key>
				<string>ofxDatGuiIntObject.h</string>
				<key>path</key>
				<string>../../../../addons/ofxDatGui/src/core/ofxDatGuiIntObject.h</string>
				<key>sourceTree</key>
				<string>SOURCE_ROOT</string>
			</dict>
			<key>987AEE748088B51C457ABAE3</key>
			<dict>
				<key>explicitFileType</key>
				<string>sourcecode.c.h</string>
				<key>fileEncoding</key>
				<string>30</string>
				<key>isa</key>
				<string>PBXFileReference</string>
				<key>name</key>
				<string>ofxDatGuiEvents.h</string>
				<key>path</key>
				<string>../../../../addons/ofxDatGui/src/core/ofxDatGuiEvents.h</string>
				<key>sourceTree</key>
				<string>SOURCE_ROOT</string>
			</dict>
			<key>DDE2B214AFD47556FF41F4B9</key>
			<dict>
				<key>explicitFileType</key>
				<string>sourcecode.c.h</string>
				<key>fileEncoding</key>
				<string>30</string>
				<key>isa</key>
				<string>PBXFileReference</string>
				<key>name</key>
				<string>ofxDatGuiConstants.h</string>
				<key>path</key>
				<string>../../../../addons/ofxDatGui/src/core/ofxDatGuiConstants.h</string>
				<key>sourceTree</key>
				<string>SOURCE_ROOT</string>
			</dict>
			<key>9C38B7D102BCEF2BD994D794</key>
			<dict>
				<key>explicitFileType</key>
				<string>sourcecode.c.h</string>
				<key>fileEncoding</key>
				<string>30</string>
				<key>isa</key>
				<string>PBXFileReference</string>
				<key>name</key>
				<string>ofxDatGuiComponent.h</string>
				<key>path</key>
				<string>../../../../addons/ofxDatGui/src/core/ofxDatGuiComponent.h</string>
				<key>sourceTree</key>
				<string>SOURCE_ROOT</string>
			</dict>
			<key>8870759BC9CAEA1E4E9EA3A8</key>
			<dict>
				<key>children</key>
				<array>
					<string>7977BFA2D04619BDE038249B</string>
					<string>9C38B7D102BCEF2BD994D794</string>
					<string>DDE2B214AFD47556FF41F4B9</string>
					<string>987AEE748088B51C457ABAE3</string>
					<string>91C1DC102245A7BDE05C2464</string>
				</array>
				<key>isa</key>
				<string>PBXGroup</string>
				<key>name</key>
				<string>core</string>
				<key>sourceTree</key>
				<string>&lt;group&gt;</string>
			</dict>
			<key>3A5B477DCD1A8C65D435E994</key>
			<dict>
				<key>fileRef</key>
				<string>7977BFA2D04619BDE038249B</string>
				<key>isa</key>
				<string>PBXBuildFile</string>
			</dict>
			<key>7977BFA2D04619BDE038249B</key>
			<dict>
				<key>explicitFileType</key>
				<string>sourcecode.cpp.cpp</string>
				<key>fileEncoding</key>
				<string>30</string>
				<key>isa</key>
				<string>PBXFileReference</string>
				<key>name</key>
				<string>ofxDatGuiComponent.cpp</string>
				<key>path</key>
				<string>../../../../addons/ofxDatGui/src/core/ofxDatGuiComponent.cpp</string>
				<key>sourceTree</key>
				<string>SOURCE_ROOT</string>
			</dict>
			<key>CA53D181EF5B4B9FA5BCD6B0</key>
			<dict>
				<key>explicitFileType</key>
				<string>sourcecode.c.h</string>
				<key>fileEncoding</key>
				<string>30</string>
				<key>isa</key>
				<string>PBXFileReference</string>
				<key>name</key>
				<string>ofxDatGuiTimeGraph.h</string>
				<key>path</key>
				<string>../../../../addons/ofxDatGui/src/components/ofxDatGuiTimeGraph.h</string>
				<key>sourceTree</key>
				<string>SOURCE_ROOT</string>
			</dict>
			<key>2A2508E34E6E24788D657EC1</key>
			<dict>
				<key>explicitFileType</key>
				<string>sourcecode.c.h</string>
				<key>fileEncoding</key>
				<string>30</string>
				<key>isa</key>
				<string>PBXFileReference</string>
				<key>name</key>
				<string>ofxDatGuiTextInputField.h</string>
				<key>path</key>
				<string>../../../../addons/ofxDatGui/src/components/ofxDatGuiTextInputField.h</string>
				<key>sourceTree</key>
				<string>SOURCE_ROOT</string>
			</dict>
			<key>9431273D08021ED0AD414E60</key>
			<dict>
				<key>explicitFileType</key>
				<string>sourcecode.c.h</string>
				<key>fileEncoding</key>
				<string>30</string>
				<key>isa</key>
				<string>PBXFileReference</string>
				<key>name</key>
				<string>ofxDatGuiTextInput.h</string>
				<key>path</key>
				<string>../../../../addons/ofxDatGui/src/components/ofxDatGuiTextInput.h</string>
				<key>sourceTree</key>
				<string>SOURCE_ROOT</string>
			</dict>
			<key>72B21B926C0491151D21C460</key>
			<dict>
				<key>explicitFileType</key>
				<string>sourcecode.c.h</string>
				<key>fileEncoding</key>
				<string>30</string>
				<key>isa</key>
				<string>PBXFileReference</string>
				<key>name</key>
				<string>ofxDatGuiSlider.h</string>
				<key>path</key>
				<string>../../../../addons/ofxDatGui/src/components/ofxDatGuiSlider.h</string>
				<key>sourceTree</key>
				<string>SOURCE_ROOT</string>
			</dict>
			<key>26DD93A893C0E02432411E1D</key>
			<dict>
				<key>explicitFileType</key>
				<string>sourcecode.c.h</string>
				<key>fileEncoding</key>
				<string>30</string>
				<key>isa</key>
				<string>PBXFileReference</string>
				<key>name</key>
				<string>ofxDatGuiScrollView.h</string>
				<key>path</key>
				<string>../../../../addons/ofxDatGui/src/components/ofxDatGuiScrollView.h</string>
				<key>sourceTree</key>
				<string>SOURCE_ROOT</string>
			</dict>
			<key>8096418B4B00C47593E11460</key>
			<dict>
				<key>explicitFileType</key>
				<string>sourcecode.c.h</string>
				<key>fileEncoding</key>
				<string>30</string>
				<key>isa</key>
				<string>PBXFileReference</string>
				<key>name</key>
				<string>ofxDatGuiMatrix.h</string>
				<key>path</key>
				<string>../../../../addons/ofxDatGui/src/components/ofxDatGuiMatrix.h</string>
				<key>sourceTree</key>
				<string>SOURCE_ROOT</string>
			</dict>
			<key>453D34B0B6EEBC4528AE5B75</key>
			<dict>
				<key>explicitFileType</key>
				<string>sourcecode.c.h</string>
				<key>fileEncoding</key>
				<string>30</string>
				<key>isa</key>
				<string>PBXFileReference</string>
				<key>name</key>
				<string>ofxDatGuiLabel.h</string>
				<key>path</key>
				<string>../../../../addons/ofxDatGui/src/components/ofxDatGuiLabel.h</string>
				<key>sourceTree</key>
				<string>SOURCE_ROOT</string>
			</dict>
			<key>6686FE30BD04DEE9431C5883</key>
			<dict>
				<key>explicitFileType</key>
				<string>sourcecode.c.h</string>
				<key>fileEncoding</key>
				<string>30</string>
				<key>isa</key>
				<string>PBXFileReference</string>
				<key>name</key>
				<string>ofxDatGuiGroups.h</string>
				<key>path</key>
				<string>../../../../addons/ofxDatGui/src/components/ofxDatGuiGroups.h</string>
				<key>sourceTree</key>
				<string>SOURCE_ROOT</string>
			</dict>
			<key>E7B0F5D92AD0C051200237B9</key>
			<dict>
				<key>explicitFileType</key>
				<string>sourcecode.c.h</string>
				<key>fileEncoding</key>
				<string>30</string>
				<key>isa</key>
				<string>PBXFileReference</string>
				<key>name</key>
				<string>ofxDatGuiFRM.h</string>
				<key>path</key>
				<string>../../../../addons/ofxDatGui/src/components/ofxDatGuiFRM.h</string>
				<key>sourceTree</key>
				<string>SOURCE_ROOT</string>
			</dict>
			<key>214C6F6E5F1CB27A6EA37098</key>
			<dict>
				<key>explicitFileType</key>
				<string>sourcecode.c.h</string>
				<key>fileEncoding</key>
				<string>30</string>
				<key>isa</key>
				<string>PBXFileReference</string>
				<key>name</key>
				<string>ofxDatGuiControls.h</string>
				<key>path</key>
				<string>../../../../addons/ofxDatGui/src/components/ofxDatGuiControls.h</string>
				<key>sourceTree</key>
				<string>SOURCE_ROOT</string>
			</dict>
			<key>3C0BF18B376CFFC383AC6854</key>
			<dict>
				<key>explicitFileType</key>
				<string>sourcecode.c.h</string>
				<key>fileEncoding</key>
				<string>30</string>
				<key>isa</key>
				<string>PBXFileReference</string>
				<key>name</key>
				<string>ofxDatGuiColorPicker.h</string>
				<key>path</key>
				<string>../../../../addons/ofxDatGui/src/components/ofxDatGuiColorPicker.h</string>
				<key>sourceTree</key>
				<string>SOURCE_ROOT</string>
			</dict>
			<key>12C4CE5660C937BE065F9D56</key>
			<dict>
				<key>explicitFileType</key>
				<string>sourcecode.c.h</string>
				<key>fileEncoding</key>
				<string>30</string>
				<key>isa</key>
				<string>PBXFileReference</string>
				<key>name</key>
				<string>ofxDatGuiButton.h</string>
				<key>path</key>
				<string>../../../../addons/ofxDatGui/src/components/ofxDatGuiButton.h</string>
				<key>sourceTree</key>
				<string>SOURCE_ROOT</string>
			</dict>
			<key>947FCD1248D8B0A16B53C1AA</key>
			<dict>
				<key>children</key>
				<array>
					<string>024C4898471D7DAD757012D5</string>
					<string>12C4CE5660C937BE065F9D56</string>
					<string>3C0BF18B376CFFC383AC6854</string>
					<string>214C6F6E5F1CB27A6EA37098</string>
					<string>E7B0F5D92AD0C051200237B9</string>
					<string>6686FE30BD04DEE9431C5883</string>
					<string>453D34B0B6EEBC4528AE5B75</string>
					<string>8096418B4B00C47593E11460</string>
					<string>26DD93A893C0E02432411E1D</string>
					<string>72B21B926C0491151D21C460</string>
					<string>9431273D08021ED0AD414E60</string>
					<string>2A2508E34E6E24788D657EC1</string>
					<string>CA53D181EF5B4B9FA5BCD6B0</string>
				</array>
				<key>isa</key>
				<string>PBXGroup</string>
				<key>name</key>
				<string>components</string>
				<key>sourceTree</key>
				<string>&lt;group&gt;</string>
			</dict>
			<key>E9B32C117486580389FAFF01</key>
			<dict>
				<key>children</key>
				<array>
					<string>947FCD1248D8B0A16B53C1AA</string>
					<string>8870759BC9CAEA1E4E9EA3A8</string>
					<string>69146F0BA46E48E576618E5E</string>
					<string>9DF538C3EDD35794E38ACF74</string>
					<string>570BF763CB5C52B13B6348A3</string>
					<string>911FE1C75E520EE70A7B4830</string>
				</array>
				<key>isa</key>
				<string>PBXGroup</string>
				<key>name</key>
				<string>src</string>
				<key>sourceTree</key>
				<string>&lt;group&gt;</string>
			</dict>
			<key>D8DD1043C333F6F63C8685E6</key>
			<dict>
				<key>children</key>
				<array>
					<string>E9B32C117486580389FAFF01</string>
				</array>
				<key>isa</key>
				<string>PBXGroup</string>
				<key>name</key>
				<string>ofxDatGui</string>
				<key>sourceTree</key>
				<string>&lt;group&gt;</string>
			</dict>
			<key>024C4898471D7DAD757012D5</key>
			<dict>
				<key>explicitFileType</key>
				<string>sourcecode.c.h</string>
				<key>fileEncoding</key>
				<string>30</string>
				<key>isa</key>
				<string>PBXFileReference</string>
				<key>name</key>
				<string>ofxDatGui2dPad.h</string>
				<key>path</key>
				<string>../../../../addons/ofxDatGui/src/components/ofxDatGui2dPad.h</string>
				<key>sourceTree</key>
				<string>SOURCE_ROOT</string>
			</dict>
			<key>6948EE371B920CB800B5AC1A</key>
			<dict>
				<key>children</key>
				<array />
				<key>isa</key>
				<string>PBXGroup</string>
				<key>name</key>
				<string>local_addons</string>
				<key>sourceTree</key>
				<string>&lt;group&gt;</string>
			</dict>
			<key>BB4B014C10F69532006C3DED</key>
			<dict>
				<key>children</key>
				<array>
					<string>D8DD1043C333F6F63C8685E6</string>
					<string>A8A179E8FAB6E05EF4AD33EA</string>
					<string>38D6D30992FE734203F60492</string>
					<string>480A780D8D0308AE4A368801</string>
					<string>41B26342D97D99EEEB93B344</string>
				</array>
				<key>isa</key>
				<string>PBXGroup</string>
				<key>name</key>
				<string>addons</string>
				<key>sourceTree</key>
				<string>&lt;group&gt;</string>
			</dict>
			<key>E4328143138ABC890047C5CB</key>
			<dict>
				<key>isa</key>
				<string>PBXFileReference</string>
				<key>lastKnownFileType</key>
				<string>wrapper.pb-project</string>
				<key>name</key>
				<string>openFrameworksLib.xcodeproj</string>
				<key>path</key>
				<string>../../../../libs/openFrameworksCompiled/project/osx/openFrameworksLib.xcodeproj</string>
				<key>sourceTree</key>
				<string>SOURCE_ROOT</string>
			</dict>
			<key>E4328144138ABC890047C5CB</key>
			<dict>
				<key>children</key>
				<array>
					<string>E4328148138ABC890047C5CB</string>
				</array>
				<key>isa</key>
				<string>PBXGroup</string>
				<key>name</key>
				<string>Products</string>
				<key>sourceTree</key>
				<string>&lt;group&gt;</string>
			</dict>
			<key>E4328147138ABC890047C5CB</key>
			<dict>
				<key>containerPortal</key>
				<string>E4328143138ABC890047C5CB</string>
				<key>isa</key>
				<string>PBXContainerItemProxy</string>
				<key>proxyType</key>
				<string>2</string>
				<key>remoteGlobalIDString</key>
				<string>E4B27C1510CBEB8E00536013</string>
				<key>remoteInfo</key>
				<string>openFrameworks</string>
			</dict>
			<key>E4328148138ABC890047C5CB</key>
			<dict>
				<key>fileType</key>
				<string>archive.ar</string>
				<key>isa</key>
				<string>PBXReferenceProxy</string>
				<key>path</key>
				<string>openFrameworksDebug.a</string>
				<key>remoteRef</key>
				<string>E4328147138ABC890047C5CB</string>
				<key>sourceTree</key>
				<string>BUILT_PRODUCTS_DIR</string>
			</dict>
			<key>E4328149138ABC9F0047C5CB</key>
			<dict>
				<key>fileRef</key>
				<string>E4328148138ABC890047C5CB</string>
				<key>isa</key>
				<string>PBXBuildFile</string>
			</dict>
			<key>E4B69B4A0A3A1720003C02F2</key>
			<dict>
				<key>children</key>
				<array>
					<string>E4B6FCAD0C3E899E008CF71C</string>
					<string>E4EB6923138AFD0F00A09F29</string>
					<string>E4B69E1C0A3A1BDC003C02F2</string>
					<string>E4EEC9E9138DF44700A80321</string>
					<string>BB4B014C10F69532006C3DED</string>
					<string>6948EE371B920CB800B5AC1A</string>
					<string>E4B69B5B0A3A1756003C02F2</string>
				</array>
				<key>isa</key>
				<string>PBXGroup</string>
				<key>sourceTree</key>
				<string>&lt;group&gt;</string>
			</dict>
			<key>E4B69B4C0A3A1720003C02F2</key>
			<dict>
				<key>attributes</key>
				<dict>
					<key>LastUpgradeCheck</key>
					<string>0600</string>
				</dict>
				<key>buildConfigurationList</key>
				<string>E4B69B4D0A3A1720003C02F2</string>
				<key>compatibilityVersion</key>
				<string>Xcode 3.2</string>
				<key>developmentRegion</key>
				<string>English</string>
				<key>hasScannedForEncodings</key>
				<string>0</string>
				<key>isa</key>
				<string>PBXProject</string>
				<key>knownRegions</key>
				<array>
					<string>English</string>
					<string>Japanese</string>
					<string>French</string>
					<string>German</string>
				</array>
				<key>mainGroup</key>
				<string>E4B69B4A0A3A1720003C02F2</string>
				<key>productRefGroup</key>
				<string>E4B69B4A0A3A1720003C02F2</string>
				<key>projectDirPath</key>
				<string />
				<key>projectReferences</key>
				<array>
					<dict>
						<key>ProductGroup</key>
						<string>E4328144138ABC890047C5CB</string>
						<key>ProjectRef</key>
						<string>E4328143138ABC890047C5CB</string>
					</dict>
				</array>
				<key>projectRoot</key>
				<string />
				<key>targets</key>
				<array>
					<string>E4B69B5A0A3A1756003C02F2</string>
				</array>
			</dict>
			<key>E4B69B4D0A3A1720003C02F2</key>
			<dict>
				<key>buildConfigurations</key>
				<array>
					<string>E4B69B4E0A3A1720003C02F2</string>
					<string>E4B69B4F0A3A1720003C02F2</string>
				</array>
				<key>defaultConfigurationIsVisible</key>
				<string>0</string>
				<key>defaultConfigurationName</key>
				<string>Release</string>
				<key>isa</key>
				<string>XCConfigurationList</string>
			</dict>
			<key>E4B69B4E0A3A1720003C02F2</key>
			<dict>
				<key>baseConfigurationReference</key>
				<string>E4EB6923138AFD0F00A09F29</string>
				<key>buildSettings</key>
				<dict>
					<key>OTHER_LDFLAGS</key>
					<array>
						<string>$(OF_CORE_FRAMEWORKS) $(OF_CORE_LIBS)</string>
						<string>../../../../addons/ofxSoundObjects/libs/libsndfile/lib/osx/libsndfile.a</string>
					</array>
					<key>HEADER_SEARCH_PATHS</key>
					<array>
						<string>$(OF_CORE_HEADERS)</string>
						<string>src</string>
						<string>../../../../addons/ofxDatGui/src</string>
						<string>../../../../addons/ofxDatGui/src/components</string>
						<string>../../../../addons/ofxDatGui/src/core</string>
						<string>../../../../addons/ofxDatGui/src/libs</string>
						<string>../../../../addons/ofxDatGui/src/libs/ofxSmartFont</string>
						<string>../../../../addons/ofxDatGui/src/themes</string>
						<string>../../../../addons/ofxFEngine3DCore/src</string>
						<string>../../../../addons/ofxFFT/libs</string>
						<string>../../../../addons/ofxFFT/src</string>
						<string>../../../../addons/ofxGui/src</string>
						<string>../../../../addons/ofxSoundObjects/libs</string>
						<string>../../../../addons/ofxSoundObjects/libs/libaudiodecoder</string>
						<string>../../../../addons/ofxSoundObjects/libs/libaudiodecoder/include</string>
						<string>../../../../addons/ofxSoundObjects/libs/libaudiodecoder/src</string>
						<string>../../../../addons/ofxSoundObjects/libs/libsndfile</string>
						<string>../../../../addons/ofxSoundObjects/libs/libsndfile/include</string>
						<string>../../../../addons/ofxSoundObjects/libs/libsndfile/include/include</string>
						<string>../../../../addons/ofxSoundObjects/libs/libsndfile/lib</string>
						<string>../../../../addons/ofxSoundObjects/libs/libsndfile/lib/osx</string>
						<string>../../../../addons/ofxSoundObjects/src</string>
						<string>../../../../addons/ofxSoundObjects/src/SoundObjects</string>
					</array>
					<key>CONFIGURATION_BUILD_DIR</key>
					<string>$(SRCROOT)/bin/</string>
					<key>COPY_PHASE_STRIP</key>
					<string>NO</string>
					<key>DEAD_CODE_STRIPPING</key>
					<string>YES</string>
					<key>GCC_AUTO_VECTORIZATION</key>
					<string>YES</string>
					<key>GCC_ENABLE_SSE3_EXTENSIONS</key>
					<string>YES</string>
					<key>GCC_ENABLE_SUPPLEMENTAL_SSE3_INSTRUCTIONS</key>
					<string>YES</string>
					<key>GCC_INLINES_ARE_PRIVATE_EXTERN</key>
					<string>NO</string>
					<key>GCC_OPTIMIZATION_LEVEL</key>
					<string>0</string>
					<key>GCC_SYMBOLS_PRIVATE_EXTERN</key>
					<string>NO</string>
					<key>GCC_WARN_ABOUT_DEPRECATED_FUNCTIONS</key>
					<string>YES</string>
					<key>GCC_WARN_ABOUT_INVALID_OFFSETOF_MACRO</key>
					<string>NO</string>
					<key>GCC_WARN_ALLOW_INCOMPLETE_PROTOCOL</key>
					<string>NO</string>
					<key>GCC_WARN_UNINITIALIZED_AUTOS</key>
					<string>NO</string>
					<key>GCC_WARN_UNUSED_VALUE</key>
					<string>NO</string>
					<key>GCC_WARN_UNUSED_VARIABLE</key>
					<string>NO</string>
					<key>MACOSX_DEPLOYMENT_TARGET</key>
					<string>10.8</string>
					<key>ONLY_ACTIVE_ARCH</key>
					<string>YES</string>
					<key>OTHER_CPLUSPLUSFLAGS</key>
					<array>
						<string>-D__MACOSX_CORE__</string>
						<string>-mtune=native</string>
					</array>
					<key>SDKROOT</key>
					<string>macosx</string>
				</dict>
				<key>isa</key>
				<string>XCBuildConfiguration</string>
				<key>name</key>
				<string>Debug</string>
			</dict>
			<key>E4B69B4F0A3A1720003C02F2</key>
			<dict>
				<key>baseConfigurationReference</key>
				<string>E4EB6923138AFD0F00A09F29</string>
				<key>buildSettings</key>
				<dict>
					<key>OTHER_LDFLAGS</key>
					<array>
						<string>$(OF_CORE_FRAMEWORKS) $(OF_CORE_LIBS)</string>
						<string>../../../../addons/ofxSoundObjects/libs/libsndfile/lib/osx/libsndfile.a</string>
					</array>
					<key>HEADER_SEARCH_PATHS</key>
					<array>
						<string>$(OF_CORE_HEADERS)</string>
						<string>src</string>
						<string>../../../../addons/ofxDatGui/src</string>
						<string>../../../../addons/ofxDatGui/src/components</string>
						<string>../../../../addons/ofxDatGui/src/core</string>
						<string>../../../../addons/ofxDatGui/src/libs</string>
						<string>../../../../addons/ofxDatGui/src/libs/ofxSmartFont</string>
						<string>../../../../addons/ofxDatGui/src/themes</string>
						<string>../../../../addons/ofxFEngine3DCore/src</string>
						<string>../../../../addons/ofxFFT/libs</string>
						<string>../../../../addons/ofxFFT/src</string>
						<string>../../../../addons/ofxGui/src</string>
						<string>../../../../addons/ofxSoundObjects/libs</string>
						<string>../../../../addons/ofxSoundObjects/libs/libaudiodecoder</string>
						<string>../../../../addons/ofxSoundObjects/libs/libaudiodecoder/include</string>
						<string>../../../../addons/ofxSoundObjects/libs/libaudiodecoder/src</string>
						<string>../../../../addons/ofxSoundObjects/libs/libsndfile</string>
						<string>../../../../addons/ofxSoundObjects/libs/libsndfile/include</string>
						<string>../../../../addons/ofxSoundObjects/libs/libsndfile/include/include</string>
						<string>../../../../addons/ofxSoundObjects/libs/libsndfile/lib</string>
						<string>../../../../addons/ofxSoundObjects/libs/libsndfile/lib/osx</string>
						<string>../../../../addons/ofxSoundObjects/src</string>
						<string>../../../../addons/ofxSoundObjects/src/SoundObjects</string>
					</array>
					<key>CONFIGURATION_BUILD_DIR</key>
					<string>$(SRCROOT)/bin/</string>
					<key>COPY_PHASE_STRIP</key>
					<string>YES</string>
					<key>DEAD_CODE_STRIPPING</key>
					<string>YES</string>
					<key>GCC_AUTO_VECTORIZATION</key>
					<string>YES</string>
					<key>GCC_ENABLE_SSE3_EXTENSIONS</key>
					<string>YES</string>
					<key>GCC_ENABLE_SUPPLEMENTAL_SSE3_INSTRUCTIONS</key>
					<string>YES</string>
					<key>GCC_INLINES_ARE_PRIVATE_EXTERN</key>
					<string>NO</string>
					<key>GCC_OPTIMIZATION_LEVEL</key>
					<string>3</string>
					<key>GCC_SYMBOLS_PRIVATE_EXTERN</key>
					<string>NO</string>
					<key>GCC_UNROLL_LOOPS</key>
					<string>YES</string>
					<key>GCC_WARN_ABOUT_DEPRECATED_FUNCTIONS</key>
					<string>YES</string>
					<key>GCC_WARN_ABOUT_INVALID_OFFSETOF_MACRO</key>
					<string>NO</string>
					<key>GCC_WARN_ALLOW_INCOMPLETE_PROTOCOL</key>
					<string>NO</string>
					<key>GCC_WARN_UNINITIALIZED_AUTOS</key>
					<string>NO</string>
					<key>GCC_WARN_UNUSED_VALUE</key>
					<string>NO</string>
					<key>GCC_WARN_UNUSED_VARIABLE</key>
					<string>NO</string>
					<key>MACOSX_DEPLOYMENT_TARGET</key>
					<string>10.8</string>
					<key>OTHER_CPLUSPLUSFLAGS</key>
					<array>
						<string>-D__MACOSX_CORE__</string>
						<string>-mtune=native</string>
					</array>
					<key>SDKROOT</key>
					<string>macosx</string>
				</dict>
				<key>isa</key>
				<string>XCBuildConfiguration</string>
				<key>name</key>
				<string>Release</string>
			</dict>
			<key>E4B69B580A3A1756003C02F2</key>
			<dict>
				<key>buildActionMask</key>
				<string>2147483647</string>
				<key>files</key>
				<array>
					<string>E4B69E200A3A1BDC003C02F2</string>
					<string>E4B69E210A3A1BDC003C02F2</string>
					<string>3A5B477DCD1A8C65D435E994</string>
					<string>C925D4ED37A4E21996B23783</string>
					<string>D76338E76F135DAEA178448E</string>
					<string>698C23F77B3B354F9154CBA1</string>
					<string>6F7CEBB0967CF303628E8595</string>
					<string>64E2BFA66388FCC641984259</string>
					<string>8DF77B5CA6336AE786DB65ED</string>
					<string>64C39EA9E8F0DA1086C75D18</string>
					<string>9B3B5CE9AF934512F1B8F3ED</string>
					<string>106B9A6182DF98E835C09B47</string>
					<string>A61B54CA66E926867C59D2C6</string>
					<string>CFFFBA144E8160ECC1C97982</string>
					<string>81BE400C35825643551A3190</string>
					<string>CE6F136678038366969711AB</string>
					<string>A2953313263AE1234930247E</string>
					<string>413B65A0F41D699F37AB4C06</string>
					<string>B07D6C52C2FE371D2B91739E</string>
					<string>8997204D83B7EE28EB114AE7</string>
					<string>61A49D9B4EC7AF5499E9FFFB</string>
					<string>656CE2C223AA722F8814C092</string>
					<string>D9BB18BBB960849FEB17B9F3</string>
					<string>C8918A51ECF7CE17F9C3EA5E</string>
					<string>CC2E9EDBC220A530598CA42E</string>
					<string>81655A54CDF0847CADC46700</string>
					<string>BD8EBB9EBBE93741863ECC6E</string>
					<string>223F8ED790458A06DB0C91BE</string>
				</array>
				<key>isa</key>
				<string>PBXSourcesBuildPhase</string>
				<key>runOnlyForDeploymentPostprocessing</key>
				<string>0</string>
			</dict>
			<key>E4B69B590A3A1756003C02F2</key>
			<dict>
				<key>buildActionMask</key>
				<string>2147483647</string>
				<key>files</key>
				<array>
					<string>E4328149138ABC9F0047C5CB</string>
				</array>
				<key>isa</key>
				<string>PBXFrameworksBuildPhase</string>
				<key>runOnlyForDeploymentPostprocessing</key>
				<string>0</string>
			</dict>
			<key>E4B69B5A0A3A1756003C02F2</key>
			<dict>
				<key>buildConfigurationList</key>
				<string>E4B69B5F0A3A1757003C02F2</string>
				<key>buildPhases</key>
				<array>
					<string>E4B69B580A3A1756003C02F2</string>
					<string>E4B69B590A3A1756003C02F2</string>
					<string>E4B6FFFD0C3F9AB9008CF71C</string>
					<string>E4C2427710CC5ABF004149E2</string>
				</array>
				<key>buildRules</key>
				<array />
				<key>dependencies</key>
				<array>
					<string>E4EEB9AC138B136A00A80321</string>
				</array>
				<key>isa</key>
				<string>PBXNativeTarget</string>
				<key>name</key>
				<string>cityOfSound</string>
				<key>productName</key>
				<string>myOFApp</string>
				<key>productReference</key>
				<string>E4B69B5B0A3A1756003C02F2</string>
				<key>productType</key>
				<string>com.apple.product-type.application</string>
			</dict>
			<key>E4B69B5B0A3A1756003C02F2</key>
			<dict>
				<key>explicitFileType</key>
				<string>wrapper.application</string>
				<key>includeInIndex</key>
				<string>0</string>
				<key>isa</key>
				<string>PBXFileReference</string>
				<key>path</key>
				<string>cityOfSoundDebug.app</string>
				<key>sourceTree</key>
				<string>BUILT_PRODUCTS_DIR</string>
			</dict>
			<key>E4B69B5F0A3A1757003C02F2</key>
			<dict>
				<key>buildConfigurations</key>
				<array>
					<string>E4B69B600A3A1757003C02F2</string>
					<string>E4B69B610A3A1757003C02F2</string>
				</array>
				<key>defaultConfigurationIsVisible</key>
				<string>0</string>
				<key>defaultConfigurationName</key>
				<string>Release</string>
				<key>isa</key>
				<string>XCConfigurationList</string>
			</dict>
			<key>E4B69B600A3A1757003C02F2</key>
			<dict>
				<key>baseConfigurationReference</key>
				<string>E4EB6923138AFD0F00A09F29</string>
				<key>buildSettings</key>
				<dict>
					<key>OTHER_LDFLAGS</key>
					<array>
						<string>$(OF_CORE_FRAMEWORKS) $(OF_CORE_LIBS)</string>
						<string>../../../../addons/ofxSoundObjects/libs/libsndfile/lib/osx/libsndfile.a</string>
					</array>
					<key>HEADER_SEARCH_PATHS</key>
					<array>
						<string>$(OF_CORE_HEADERS)</string>
						<string>src</string>
						<string>../../../../addons/ofxDatGui/src</string>
						<string>../../../../addons/ofxDatGui/src/components</string>
						<string>../../../../addons/ofxDatGui/src/core</string>
						<string>../../../../addons/ofxDatGui/src/libs</string>
						<string>../../../../addons/ofxDatGui/src/libs/ofxSmartFont</string>
						<string>../../../../addons/ofxDatGui/src/themes</string>
						<string>../../../../addons/ofxFEngine3DCore/src</string>
						<string>../../../../addons/ofxFFT/libs</string>
						<string>../../../../addons/ofxFFT/src</string>
						<string>../../../../addons/ofxGui/src</string>
						<string>../../../../addons/ofxSoundObjects/libs</string>
						<string>../../../../addons/ofxSoundObjects/libs/libaudiodecoder</string>
						<string>../../../../addons/ofxSoundObjects/libs/libaudiodecoder/include</string>
						<string>../../../../addons/ofxSoundObjects/libs/libaudiodecoder/src</string>
						<string>../../../../addons/ofxSoundObjects/libs/libsndfile</string>
						<string>../../../../addons/ofxSoundObjects/libs/libsndfile/include</string>
						<string>../../../../addons/ofxSoundObjects/libs/libsndfile/include/include</string>
						<string>../../../../addons/ofxSoundObjects/libs/libsndfile/lib</string>
						<string>../../../../addons/ofxSoundObjects/libs/libsndfile/lib/osx</string>
						<string>../../../../addons/ofxSoundObjects/src</string>
						<string>../../../../addons/ofxSoundObjects/src/SoundObjects</string>
					</array>
					<key>COMBINE_HIDPI_IMAGES</key>
					<string>YES</string>
					<key>COPY_PHASE_STRIP</key>
					<string>NO</string>
					<key>FRAMEWORK_SEARCH_PATHS</key>
					<array>
						<string>$(inherited)</string>
						<string>$(FRAMEWORK_SEARCH_PATHS_QUOTED_FOR_TARGET_1)</string>
					</array>
					<key>FRAMEWORK_SEARCH_PATHS_QUOTED_FOR_TARGET_1</key>
					<string>"$(SRCROOT)/../../../../libs/glut/lib/osx"</string>
					<key>GCC_DYNAMIC_NO_PIC</key>
					<string>NO</string>
					<key>GCC_GENERATE_DEBUGGING_SYMBOLS</key>
					<string>YES</string>
					<key>GCC_MODEL_TUNING</key>
					<string>NONE</string>
					<key>ICON</key>
					<string>$(ICON_NAME_DEBUG)</string>
					<key>ICON_FILE</key>
					<string>$(ICON_FILE_PATH)$(ICON)</string>
					<key>INFOPLIST_FILE</key>
					<string>openFrameworks-Info.plist</string>
					<key>INSTALL_PATH</key>
					<string>/Applications</string>
					<key>LIBRARY_SEARCH_PATHS</key>
					<string>$(inherited)</string>
					<key>PRODUCT_NAME</key>
					<string>$(TARGET_NAME)Debug</string>
					<key>WRAPPER_EXTENSION</key>
					<string>app</string>
				</dict>
				<key>isa</key>
				<string>XCBuildConfiguration</string>
				<key>name</key>
				<string>Debug</string>
			</dict>
			<key>E4B69B610A3A1757003C02F2</key>
			<dict>
				<key>baseConfigurationReference</key>
				<string>E4EB6923138AFD0F00A09F29</string>
				<key>buildSettings</key>
				<dict>
					<key>OTHER_LDFLAGS</key>
					<array>
						<string>$(OF_CORE_FRAMEWORKS) $(OF_CORE_LIBS)</string>
						<string>../../../../addons/ofxSoundObjects/libs/libsndfile/lib/osx/libsndfile.a</string>
					</array>
					<key>HEADER_SEARCH_PATHS</key>
					<array>
						<string>$(OF_CORE_HEADERS)</string>
						<string>src</string>
						<string>../../../../addons/ofxDatGui/src</string>
						<string>../../../../addons/ofxDatGui/src/components</string>
						<string>../../../../addons/ofxDatGui/src/core</string>
						<string>../../../../addons/ofxDatGui/src/libs</string>
						<string>../../../../addons/ofxDatGui/src/libs/ofxSmartFont</string>
						<string>../../../../addons/ofxDatGui/src/themes</string>
						<string>../../../../addons/ofxFEngine3DCore/src</string>
						<string>../../../../addons/ofxFFT/libs</string>
						<string>../../../../addons/ofxFFT/src</string>
						<string>../../../../addons/ofxGui/src</string>
						<string>../../../../addons/ofxSoundObjects/libs</string>
						<string>../../../../addons/ofxSoundObjects/libs/libaudiodecoder</string>
						<string>../../../../addons/ofxSoundObjects/libs/libaudiodecoder/include</string>
						<string>../../../../addons/ofxSoundObjects/libs/libaudiodecoder/src</string>
						<string>../../../../addons/ofxSoundObjects/libs/libsndfile</string>
						<string>../../../../addons/ofxSoundObjects/libs/libsndfile/include</string>
						<string>../../../../addons/ofxSoundObjects/libs/libsndfile/include/include</string>
						<string>../../../../addons/ofxSoundObjects/libs/libsndfile/lib</string>
						<string>../../../../addons/ofxSoundObjects/libs/libsndfile/lib/osx</string>
						<string>../../../../addons/ofxSoundObjects/src</string>
						<string>../../../../addons/ofxSoundObjects/src/SoundObjects</string>
					</array>
					<key>COMBINE_HIDPI_IMAGES</key>
					<string>YES</string>
					<key>COPY_PHASE_STRIP</key>
					<string>YES</string>
					<key>FRAMEWORK_SEARCH_PATHS</key>
					<array>
						<string>$(inherited)</string>
						<string>$(FRAMEWORK_SEARCH_PATHS_QUOTED_FOR_TARGET_1)</string>
					</array>
					<key>FRAMEWORK_SEARCH_PATHS_QUOTED_FOR_TARGET_1</key>
					<string>"$(SRCROOT)/../../../../libs/glut/lib/osx"</string>
					<key>GCC_GENERATE_DEBUGGING_SYMBOLS</key>
					<string>YES</string>
					<key>GCC_MODEL_TUNING</key>
					<string>NONE</string>
					<key>ICON</key>
					<string>$(ICON_NAME_RELEASE)</string>
					<key>ICON_FILE</key>
					<string>$(ICON_FILE_PATH)$(ICON)</string>
					<key>INFOPLIST_FILE</key>
					<string>openFrameworks-Info.plist</string>
					<key>INSTALL_PATH</key>
					<string>/Applications</string>
					<key>LIBRARY_SEARCH_PATHS</key>
					<string>$(inherited)</string>
					<key>PRODUCT_NAME</key>
					<string>$(TARGET_NAME)</string>
					<key>WRAPPER_EXTENSION</key>
					<string>app</string>
					<key>baseConfigurationReference</key>
					<string>E4EB6923138AFD0F00A09F29</string>
				</dict>
				<key>isa</key>
				<string>XCBuildConfiguration</string>
				<key>name</key>
				<string>Release</string>
			</dict>
			<key>E4B69E1C0A3A1BDC003C02F2</key>
			<dict>
				<key>children</key>
				<array>
					<string>E4B69E1D0A3A1BDC003C02F2</string>
					<string>E4B69E1E0A3A1BDC003C02F2</string>
					<string>E4B69E1F0A3A1BDC003C02F2</string>
				</array>
				<key>isa</key>
				<string>PBXGroup</string>
				<key>path</key>
				<string>src</string>
				<key>sourceTree</key>
				<string>SOURCE_ROOT</string>
			</dict>
			<key>E4B69E1D0A3A1BDC003C02F2</key>
			<dict>
				<key>fileEncoding</key>
				<string>30</string>
				<key>isa</key>
				<string>PBXFileReference</string>
				<key>lastKnownFileType</key>
				<string>sourcecode.cpp.cpp</string>
				<key>name</key>
				<string>main.cpp</string>
				<key>path</key>
				<string>src/main.cpp</string>
				<key>sourceTree</key>
				<string>SOURCE_ROOT</string>
			</dict>
			<key>E4B69E1E0A3A1BDC003C02F2</key>
			<dict>
				<key>explicitFileType</key>
				<string>sourcecode.cpp.cpp</string>
				<key>fileEncoding</key>
				<string>30</string>
				<key>isa</key>
				<string>PBXFileReference</string>
				<key>name</key>
				<string>ofApp.cpp</string>
				<key>path</key>
				<string>src/ofApp.cpp</string>
				<key>sourceTree</key>
				<string>SOURCE_ROOT</string>
			</dict>
			<key>E4B69E1F0A3A1BDC003C02F2</key>
			<dict>
				<key>fileEncoding</key>
				<string>30</string>
				<key>isa</key>
				<string>PBXFileReference</string>
				<key>lastKnownFileType</key>
				<string>sourcecode.c.h</string>
				<key>name</key>
				<string>ofApp.h</string>
				<key>path</key>
				<string>src/ofApp.h</string>
				<key>sourceTree</key>
				<string>SOURCE_ROOT</string>
			</dict>
			<key>E4B69E200A3A1BDC003C02F2</key>
			<dict>
				<key>fileRef</key>
				<string>E4B69E1D0A3A1BDC003C02F2</string>
				<key>isa</key>
				<string>PBXBuildFile</string>
			</dict>
			<key>E4B69E210A3A1BDC003C02F2</key>
			<dict>
				<key>fileRef</key>
				<string>E4B69E1E0A3A1BDC003C02F2</string>
				<key>isa</key>
				<string>PBXBuildFile</string>
			</dict>
			<key>E4B6FCAD0C3E899E008CF71C</key>
			<dict>
				<key>fileEncoding</key>
				<string>30</string>
				<key>isa</key>
				<string>PBXFileReference</string>
				<key>lastKnownFileType</key>
				<string>text.plist.xml</string>
				<key>path</key>
				<string>openFrameworks-Info.plist</string>
				<key>sourceTree</key>
				<string>&lt;group&gt;</string>
			</dict>
			<key>E4B6FFFD0C3F9AB9008CF71C</key>
			<dict>
				<key>buildActionMask</key>
				<string>2147483647</string>
				<key>files</key>
				<array />
				<key>inputPaths</key>
				<array />
				<key>isa</key>
				<string>PBXShellScriptBuildPhase</string>
				<key>outputPaths</key>
				<array />
				<key>runOnlyForDeploymentPostprocessing</key>
				<string>0</string>
				<key>shellPath</key>
				<string>/bin/sh</string>
				<key>shellScript</key>
				<string>mkdir -p "$TARGET_BUILD_DIR/$PRODUCT_NAME.app/Contents/Resources/"
# Copy default icon file into App/Resources
rsync -aved "$ICON_FILE" "$TARGET_BUILD_DIR/$PRODUCT_NAME.app/Contents/Resources/"
# Copy libfmod and change install directory for fmod to run
rsync -aved ../../../../libs/fmodex/lib/osx/libfmodex.dylib "$TARGET_BUILD_DIR/$PRODUCT_NAME.app/Contents/Frameworks/";
install_name_tool -change @executable_path/libfmodex.dylib @executable_path/../Frameworks/libfmodex.dylib "$TARGET_BUILD_DIR/$PRODUCT_NAME.app/Contents/MacOS/$PRODUCT_NAME";
# Copy GLUT framework (must remove for AppStore submissions)
rsync -aved ../../../../libs/glut/lib/osx/GLUT.framework "$TARGET_BUILD_DIR/$PRODUCT_NAME.app/Contents/Frameworks/"
</string>
			</dict>
			<key>E4C2427710CC5ABF004149E2</key>
			<dict>
				<key>buildActionMask</key>
				<string>2147483647</string>
				<key>dstPath</key>
				<string />
				<key>dstSubfolderSpec</key>
				<string>10</string>
				<key>files</key>
				<array />
				<key>isa</key>
				<string>PBXCopyFilesBuildPhase</string>
				<key>runOnlyForDeploymentPostprocessing</key>
				<string>0</string>
			</dict>
			<key>E4EB691F138AFCF100A09F29</key>
			<dict>
				<key>fileEncoding</key>
				<string>4</string>
				<key>isa</key>
				<string>PBXFileReference</string>
				<key>lastKnownFileType</key>
				<string>text.xcconfig</string>
				<key>name</key>
				<string>CoreOF.xcconfig</string>
				<key>path</key>
				<string>../../../../libs/openFrameworksCompiled/project/osx/CoreOF.xcconfig</string>
				<key>sourceTree</key>
				<string>SOURCE_ROOT</string>
			</dict>
			<key>E4EB6923138AFD0F00A09F29</key>
			<dict>
				<key>fileEncoding</key>
				<string>4</string>
				<key>isa</key>
				<string>PBXFileReference</string>
				<key>lastKnownFileType</key>
				<string>text.xcconfig</string>
				<key>path</key>
				<string>Project.xcconfig</string>
				<key>sourceTree</key>
				<string>&lt;group&gt;</string>
			</dict>
			<key>E4EEB9AB138B136A00A80321</key>
			<dict>
				<key>containerPortal</key>
				<string>E4328143138ABC890047C5CB</string>
				<key>isa</key>
				<string>PBXContainerItemProxy</string>
				<key>proxyType</key>
				<string>1</string>
				<key>remoteGlobalIDString</key>
				<string>E4B27C1410CBEB8E00536013</string>
				<key>remoteInfo</key>
				<string>openFrameworks</string>
			</dict>
			<key>E4EEB9AC138B136A00A80321</key>
			<dict>
				<key>isa</key>
				<string>PBXTargetDependency</string>
				<key>name</key>
				<string>openFrameworks</string>
				<key>targetProxy</key>
				<string>E4EEB9AB138B136A00A80321</string>
			</dict>
			<key>E4EEC9E9138DF44700A80321</key>
			<dict>
				<key>children</key>
				<array>
					<string>E4EB691F138AFCF100A09F29</string>
					<string>E4328143138ABC890047C5CB</string>
				</array>
				<key>isa</key>
				<string>PBXGroup</string>
				<key>name</key>
				<string>openFrameworks</string>
				<key>sourceTree</key>
				<string>&lt;group&gt;</string>
			</dict>
		</dict>
		<key>rootObject</key>
		<string>E4B69B4C0A3A1720003C02F2</string>
	</dict>
</plist>
